{
  "version": "5",
  "specifiers": {
    "npm:@supabase/server@1.9.1": "1.9.1_@supabase+supabase-js@2.117.3",
    "npm:pdfjs-dist@6.4.299": "6.4.299"
  },
  "npm": {
    "@napi-rs/canvas-android-arm64@1.0.10": {
      "integrity": "sha512-0sDMvme+7fj6bHERUaBs5SvEyWaORc91VUkaB4RrtG7p6dBrBNGy1of8cyEKDxygd1FlHtW+Thunj8lSixzY7A==",
      "os": ["android"],
      "cpu": ["arm64"]
    },
    "@napi-rs/canvas-darwin-arm64@1.0.10": {
      "integrity": "sha512-pdHL1TEfFMrnchRYqmPWXKN7hR4XtOYmzJqnh4XhpfWD4/eeSokOGVzrdFP/iQ3sfr2rf0939gOGq9uCp8BGmg==",
      "os": ["darwin"],
      "cpu": ["arm64"]
    },
    "@napi-rs/canvas-darwin-x64@1.0.10": {
      "integrity": "sha512-iuuk5plGxAcxurxv2ycF2yR20y5zvaBZ4heQdhPpg3EMFD21PhlY1V+YwSRmYRWzbvKL474UYdw3WIg2qfafyw==",
      "os": ["darwin"],
      "cpu": ["x64"]
    },
    "@napi-rs/canvas-linux-arm-gnueabihf@1.0.10": {
      "integrity": "sha512-kH7GFR5Unpm77pKSEsmkqvzeQCRD7/MQ7upmeLLjg4XpQ62dX/R6THFsp6vkF1Pkco2aKUq9KhoLM4W5twdk7g==",
      "os": ["linux"],
      "cpu": ["arm"]
    },
    "@napi-rs/canvas-linux-arm64-gnu@1.0.10": {
      "integrity": "sha512-0/Hj7IwM9pmzdwxiqkp4YLJ8dKqASBrWQ3Y7dWUSU/4dgvCL9O6YNvX7xVUJjonQvdD3IE9ESS/nXa5srQqoVw==",
      "os": ["linux"],
      "cpu": ["arm64"]
    },
    "@napi-rs/canvas-linux-arm64-musl@1.0.10": {
      "integrity": "sha512-fmjKM0P2MLF9O6XzCQsRjhB+jlLzaf6tFQU36hMPMsYup+VThYvpjjhqNLOc/Ee3tHUE3r13H2BSJx/yXz4pFA==",
      "os": ["linux"],
      "cpu": ["arm64"]
    },
    "@napi-rs/canvas-linux-riscv64-gnu@1.0.10": {
      "integrity": "sha512-O/BUrGwrs3pVP9PpD/3++ZiOpjHMJlmiB7aBgswP8rbe4egPfiFkFxmcCczoLvZa72TaQX5lJ8Udedb6rc/Hvg==",
      "os": ["linux"],
      "cpu": ["riscv64"]
    },
    "@napi-rs/canvas-linux-x64-gnu@1.0.10": {
      "integrity": "sha512-48HkZPQeAN/R+9NPpY64tceoyCUW5xYYtHKZnC+BG11qiihXJCbH+xfbgGU+OdYp1Q4s84HDl9ILU0KBK6SBOQ==",
      "os": ["linux"],
      "cpu": ["x64"]
    },
    "@napi-rs/canvas-linux-x64-musl@1.0.10": {
      "integrity": "sha512-QYHVi7WZ9v+Wm9OQyHLMTnJ8QiBPVX94BgbCHFJC/4bCFMfvX7fRzo4FJPgkRP0ISz3ulYNow/FCbQOPjzhYjg==",
      "os": ["linux"],
      "cpu": ["x64"]
    },
    "@napi-rs/canvas-win32-arm64-msvc@1.0.10": {
      "integrity": "sha512-bWK+YajM/8sL0mMgLtug2s063FVBPzFV4QAn987CQomMKlmzrBY6Trz43KY+24hq7IOa3qNhUAgP/XMEF50ZEQ==",
      "os": ["win32"],
      "cpu": ["arm64"]
    },
    "@napi-rs/canvas-win32-x64-msvc@1.0.10": {
      "integrity": "sha512-9WtzW85PaIhtB27iXaR/9RrLCqHLbqD3Z8Q+kh17NjFxwQXFXU5vWbYH4vEH+drM307TTyK3hidZgpt09G5T3g==",
      "os": ["win32"],
      "cpu": ["x64"]
    },
    "@napi-rs/canvas@1.0.10": {
      "integrity": "sha512-V+qptzsGnPMFxEbhwc6eDNMe5eDrfiBIp8qGpuRjAVIX4Kn2zxvwQ1Xco6Fwe+3tYIe3iLW8LM9D+SvjyJhqbQ==",
      "optionalDependencies": [
        "@napi-rs/canvas-android-arm64",
        "@napi-rs/canvas-darwin-arm64",
        "@napi-rs/canvas-darwin-x64",
        "@napi-rs/canvas-linux-arm-gnueabihf",
        "@napi-rs/canvas-linux-arm64-gnu",
        "@napi-rs/canvas-linux-arm64-musl",
        "@napi-rs/canvas-linux-riscv64-gnu",
        "@napi-rs/canvas-linux-x64-gnu",
        "@napi-rs/canvas-linux-x64-musl",
        "@napi-rs/canvas-win32-arm64-msvc",
        "@napi-rs/canvas-win32-x64-msvc"
      ]
    },
    "@supabase/auth-js@2.117.3": {
      "integrity": "sha512-XOZV+jllcU2Hzij8SwgM78zl0lOEr6BTjzi2MYkBb39nOAQzb5AelGpMUvVj7lwGSB11JmpAs/FEQroAyFzWEA==",
      "dependencies": [
        "tslib"
      ]
    },
    "@supabase/functions-js@2.117.3": {
      "integrity": "sha512-6GuizbP4N5xWaxEVUsI+UQpJdmMmn0t3sYNpObo9gCAldvM22gFjnYzRVmkHxp5ylU21azEYmiWVwk9iDgCMkQ==",
      "dependencies": [
        "tslib"
      ]
    },
    "@supabase/middleware@1.0.0": {
      "integrity": "sha512-ecA+z/o5E9sB+quuupGt8d7QjrnD4BBwZr+Qthm0uj6CtL/+yvAUTDlknhGuTbUidvx5CxBHJ1R3H96UjDpgyg==",
      "dependencies": [
        "std-env"
      ]
    },
    "@supabase/phoenix@0.4.5": {
      "integrity": "sha512-aAn9H9ovVyeApKy11OWOrrOGq8DV68yWeH4ud2lN9fzn4aO8Zb5GLL9m1pUg9nLqIcT+ZDfAcsZe0E/nqdv2lw=="
    },
    "@supabase/postgrest-js@2.117.3": {
      "integrity": "sha512-NpyTgullu6tw11ojYKTdZg9HannZ4mu4FUlhc9V5zDXOVllUJzEmuyLM+WWoYF0BurfrRvarimpm3SR8P0Gzfw==",
      "dependencies": [
        "tslib"
      ]
    },
    "@supabase/realtime-js@2.117.3": {
      "integrity": "sha512-4W4ISbreRygNXbhwqxeqyuRul8RPx+SF+Hp2IT8wctebQEHSVCULfKatiRiEhmasfoXvYm2AHV4XFsOxhoousA==",
      "dependencies": [
        "@supabase/phoenix",
        "tslib"
      ]
    },
    "@supabase/server@1.9.1_@supabase+supabase-js@2.117.3": {
      "integrity": "sha512-AW/8aZrX5nHP3OwYMamA1hxERuL+RO7yw0h3oUfdXYKIxkdoRVm0ELzzv8wLGCk97aeVjBQ4ixZ2h66jPCfJjA==",
      "dependencies": [
        "@supabase/middleware",
        "@supabase/supabase-js",
        "jose"
      ]
    },
    "@supabase/storage-js@2.117.3": {
      "integrity": "sha512-QhUxFC33Crlw6WDeA4hLADdi1PzjI3c4UJs7ivWHHEnU7ulmCWEZSDaRCuIfmsjUwbHYaIfRNFQNsm+IsGYS6w==",
      "dependencies": [
        "iceberg-js",
        "tslib"
      ]
    },
    "@supabase/supabase-js@2.117.3": {
      "integrity": "sha512-K+f8PimXDunPWQ63CKRXaF5pbVPJxmfw5ryAnh0s9S9PkwcuqBjiSpIaqpF7KLDljeYwXIL85ST8QxaO0+XuvA==",
      "dependencies": [
        "@supabase/auth-js",
        "@supabase/functions-js",
        "@supabase/postgrest-js",
        "@supabase/realtime-js",
        "@supabase/storage-js"
      ]
    },
    "iceberg-js@0.8.1": {
      "integrity": "sha512-1dhVQZXhcHje7798IVM+xoo/1ZdVfzOMIc8/rgVSijRK38EDqOJoGula9N/8ZI5RD8QTxNQtK/Gozpr+qUqRRA=="
    },
    "jose@6.2.12": {
      "integrity": "sha512-9NiFmJEex0sy2Dk58j2UGBSHgUs2ypF9eZSu4L6vjOX3Dp96Sw1F3uL+H+D1sx02jZZdzUT0HgvCy59CuvXcWw=="
    },
    "pdfjs-dist@6.4.299": {
      "integrity": "sha512-AVl138zALtfaAPvADulE0PZThbYzCBS79nL4pOSL/6Sm/4AH5A21BD9VHt97OlCuzJuCpmeZtAtkinisF4Vb1g==",
      "optionalDependencies": [
        "@napi-rs/canvas"
      ]
    },
    "std-env@4.3.0": {
      "integrity": "sha512-OtU/EgQ1kIm5KwqQpBC6ZEMXrZRui11w8zgfTWp8cdO9B8OaPsbA8bTHO2P+HNo1VlUTGMVBwPhydu6poeXiag=="
    },
    "tslib@2.8.1": {
      "integrity": "sha512-oJFu94HQb+KVduSUQL7wnpmqnfmLsOA/nAh6b6EH0wCEoK0/mPeXU6c3wKDV83MkOuHPRHtSXKKU99IBazS/2w=="
    }
  },
  "workspace": {
    "dependencies": [
      "npm:@supabase/server@1.9.1",
      "npm:pdfjs-dist@6.4.299"
    ]
  }
}
